# This file was autogenerated by Stack.
# You should not edit this file by hand.
# For more information, please see the documentation at:
#   https://docs.haskellstack.org/en/stable/lock_files

packages:
- completed:
    hackage: overloaded-0.2@sha256:b9633525dad87f53f847a279c526ec0851878004b22826fe981bcb4603180d66,3993
    pantry-tree:
      size: 2182
      sha256: 1407cef5b48a1dabcb69a2e51a647470496e6768374b129186ea112ea0e6d1a4
  original:
    hackage: overloaded-0.2
- completed:
    hackage: bin-0.1@sha256:e19a0fc86f93f6849ad7e02247149bbc6d15abdc04fa5d51ab43eb744dd72a7f,2010
    pantry-tree:
      size: 566
      sha256: 3b91ae0cebb6236630722dc9809787e7936887a129631890c1347fea5db8740b
  original:
    hackage: bin-0.1
- completed:
    hackage: equational-reasoning-0.6.0.1@sha256:8a1422fb4a79f19d3e95e73f721aa764968e12768b5e2d2e2940e2db71d2e452,1737
    pantry-tree:
      size: 496
      sha256: 9ffa610397f60afd6f8843eaa4ab4b0b4fa69cdf26f6107990f07822b845a643
  original:
    hackage: equational-reasoning-0.6.0.1
- completed:
    hackage: optics-core-0.2@sha256:cfdf39871553769b59fcc54863a3521d262ea25d8d05d0f41ab87296c560cfa6,4392
    pantry-tree:
      size: 4818
      sha256: 77521681ab5e6fd84a31b7cf9c5f51233141eecd7b9545a1c9eef6b1015776bc
  original:
    hackage: optics-core-0.2
- completed:
    hackage: ral-0.1@sha256:6ba222a41e21ef14d6542e997bbc43c79a1bb31366f62516be5648fdf5b3e354,3216
    pantry-tree:
      size: 805
      sha256: d7f9f1ee0389e4ccb85b45ce1a6c3a1a49aefbf61e5c1053dcce4f591f47805d
  original:
    hackage: ral-0.1
- completed:
    hackage: singletons-2.5.1@sha256:c1e95523813ecabb06c765180e200187287fc1b0e3cf710e913dac32c314dfab,6991
    pantry-tree:
      size: 23281
      sha256: b0ebbc83146b196f7c41d8500544e40a734e29fb552e834800c63221302fb0e8
  original:
    hackage: singletons-2.5.1
- completed:
    hackage: sop-core-0.5.0.0@sha256:8734ab38b8c84837094eec657da0b58942e481e20166131f34cf6c7fe9787b07,2827
    pantry-tree:
      size: 766
      sha256: 8b6f907e567d7f76638706ea095d4495935c7c66381349972c9cf953cdb8ee1d
  original:
    hackage: sop-core-0.5.0.0
- completed:
    hackage: symbols-0.3.0.0@sha256:5d051bccbd4bcb33fa8ce076bd3cd2bacc90973682f7340976758947eaa128a9,964
    pantry-tree:
      size: 529
      sha256: 06746077732f4d49d3277821303292314d51df9a63efecd47217fc0946233026
  original:
    hackage: symbols-0.3.0.0
- completed:
    hackage: indexed-profunctors-0.1@sha256:ddf618d0d4c58319c1e735e746bc69a1021f13b6f475dc9614b80af03432e6d4,1016
    pantry-tree:
      size: 235
      sha256: cfd66c0a53be1b45eae72df112ea1158614458bb7b1c9cbbe3410b04ab011ec6
  original:
    hackage: indexed-profunctors-0.1
- completed:
    size: 31659
    url: https://github.com/konn/type-natural/archive/a7f37922fbd4866f534ca2cdde0c51aa7d6b18b3.tar.gz
    cabal-file:
      size: 2712
      sha256: d4ea42c38f64b91e670e99305bde4eae207879cb9c269066a1877d9338b7cc34
    name: type-natural
    version: 0.8.2.0
    sha256: 836914e2d0877c4d19607ef90885ba86c1d7d10b0398dd7f22f3a7963ef61366
    pantry-tree:
      size: 1880
      sha256: 33ba1a5a623f0a3b7564fdf0c3af5859b791bf40ddbb8cce1dc5e70ccc415aed
  original:
    url: https://github.com/konn/type-natural/archive/a7f37922fbd4866f534ca2cdde0c51aa7d6b18b3.tar.gz
- completed:
    subdir: ghc-typelits-presburger
    cabal-file:
      size: 2629
      sha256: dc3ff32b1cb0fc82b1bfa1c21d84dc55adca027ffb818ea67ec7c99859c5b522
    name: ghc-typelits-presburger
    version: 0.3.0.0
    git: git@github.com:konn/ghc-typelits-presburger.git
    pantry-tree:
      size: 663
      sha256: 6f4a092a1154244c7979a100bc9ca8618ee6b4fa106488e4c941715de7cad562
    commit: 6245fefde1b65b0df9b946748fe3f584504c8c79
  original:
    subdir: ghc-typelits-presburger
    git: git@github.com:konn/ghc-typelits-presburger.git
    commit: 6245fefde1b65b0df9b946748fe3f584504c8c79
snapshots:
- completed:
    size: 524164
    url: https://raw.githubusercontent.com/commercialhaskell/stackage-snapshots/master/lts/14/22.yaml
    sha256: 7ad8f33179b32d204165a3a662c6269464a47a7e65a30abc38d01b5a38ec42c0
  original: lts-14.22
